
Microsoft Visual Studio Solution File, Format Version 12.00
# Visual Studio 15
VisualStudioVersion = 15.0.26730.16
MinimumVisualStudioVersion = 10.0.40219.1
Project("{8BC9CEB8-8B4A-11D0-8D11-00A0C91BC942}") = "sb7", "sb7\sb7.vcxproj", "{CAE06DBC-77DE-46D1-BAA6-F7CD53D8030B}"
EndProject
Project("{2150E333-8FDC-42A3-9474-1A3956D46DE8}") = "ch2", "ch2", "{D84AA78D-758A-4681-9DA4-8941F7504731}"
EndProject
Project("{8BC9CEB8-8B4A-11D0-8D11-00A0C91BC942}") = "ch2_SimpleClear", "ch2_SimpleClear\ch2_SimpleClear.vcxproj", "{BA277951-4759-461D-994A-8ED59BEC53C0}"
EndProject
Project("{8BC9CEB8-8B4A-11D0-8D11-00A0C91BC942}") = "ch2_ColorFading", "ch2_ColorFading\ch2_ColorFading.vcxproj", "{CF99E31A-7899-492D-ACBE-5BA7118DDBCA}"
EndProject
Project("{8BC9CEB8-8B4A-11D0-8D11-00A0C91BC942}") = "ch2_UsingShader", "ch2_UsingShader\ch2_UsingShader.vcxproj", "{79E610B3-3F28-440A-8D45-6D793A5415B2}"
EndProject
Project("{8BC9CEB8-8B4A-11D0-8D11-00A0C91BC942}") = "ch2_FirstTriangle", "ch2_FirstTriangle\ch2_FirstTriangle.vcxproj", "{47886C3C-21C2-4C59-A9B2-83C94317BDCD}"
EndProject
Project("{2150E333-8FDC-42A3-9474-1A3956D46DE8}") = "ch3", "ch3", "{18081CB4-C4B6-45CF-B251-A881A53B77D5}"
EndProject
Project("{8BC9CEB8-8B4A-11D0-8D11-00A0C91BC942}") = "ch3_UpdatingVertexAttribute", "ch3_UpdatingVertexAttribute\ch3_UpdatingVertexAttribute.vcxproj", "{FB0D1849-67D7-4E7C-B210-CB0AD79DA330}"
EndProject
Project("{8BC9CEB8-8B4A-11D0-8D11-00A0C91BC942}") = "ch3_FragmentWithInput", "ch3_FragmentWithInput\ch3_FragmentWithInput.vcxproj", "{C91CFB4F-297A-4314-8F77-A64D0DB1EBFC}"
EndProject
Project("{8BC9CEB8-8B4A-11D0-8D11-00A0C91BC942}") = "ch3_FragmentWithInputInterfaceBlock", "ch3_FragmentWithInputInterfaceBlock\ch3_FragmentWithInputInterfaceBlock.vcxproj", "{8B162362-54A8-4D9D-95BA-0145ADA7C987}"
EndProject
Project("{8BC9CEB8-8B4A-11D0-8D11-00A0C91BC942}") = "ch3_DeriveFragmentColorFromPosition", "ch3_DeriveFragmentColorFromPosition\ch3_DeriveFragmentColorFromPosition.vcxproj", "{48E91F65-4DF0-4776-B304-E41ACA8571C4}"
EndProject
Project("{8BC9CEB8-8B4A-11D0-8D11-00A0C91BC942}") = "ch3_DeriveFragmentColorFromPosition2", "ch3_DeriveFragmentColorFromPosition2\ch3_DeriveFragmentColorFromPosition2.vcxproj", "{1CA262A3-DFD3-4497-8F2A-34C9B4E2C01E}"
EndProject
Project("{2150E333-8FDC-42A3-9474-1A3956D46DE8}") = "ch5", "ch5", "{0E2A459C-D21E-49FE-A5D5-307ADD63ED22}"
EndProject
Project("{8BC9CEB8-8B4A-11D0-8D11-00A0C91BC942}") = "ch5_InitializeBuffer", "ch5_InitializeBuffer\ch5_InitializeBuffer.vcxproj", "{A98D6A83-1649-41B1-87D3-81A0B69B78AB}"
EndProject
Project("{8BC9CEB8-8B4A-11D0-8D11-00A0C91BC942}") = "ch5_InitializeBuffer_SubData", "ch5_InitializeBuffer_SubData\ch5_InitializeBuffer_SubData.vcxproj", "{E3121AB1-45C4-4D35-9429-20E6AB023097}"
EndProject
Project("{8BC9CEB8-8B4A-11D0-8D11-00A0C91BC942}") = "ch5_InitializeBuffer_MapBuffer", "ch5_InitializeBuffer_MapBuffer\ch5_InitializeBuffer_MapBuffer.vcxproj", "{49DB528B-8088-4AF4-A1CC-E32DA256460B}"
EndProject
Project("{8BC9CEB8-8B4A-11D0-8D11-00A0C91BC942}") = "ch5_MultipleSeparateVertexAttributes", "ch5_MultipleSeparateVertexAttributes\ch5_MultipleSeparateVertexAttributes.vcxproj", "{A59BF467-1950-4DE9-ADF0-347A3094EBBF}"
EndProject
Global
	GlobalSection(SolutionConfigurationPlatforms) = preSolution
		Debug|x64 = Debug|x64
		Debug|x86 = Debug|x86
		Release|x64 = Release|x64
		Release|x86 = Release|x86
	EndGlobalSection
	GlobalSection(ProjectConfigurationPlatforms) = postSolution
		{CAE06DBC-77DE-46D1-BAA6-F7CD53D8030B}.Debug|x64.ActiveCfg = Debug|x64
		{CAE06DBC-77DE-46D1-BAA6-F7CD53D8030B}.Debug|x64.Build.0 = Debug|x64
		{CAE06DBC-77DE-46D1-BAA6-F7CD53D8030B}.Debug|x86.ActiveCfg = Debug|Win32
		{CAE06DBC-77DE-46D1-BAA6-F7CD53D8030B}.Debug|x86.Build.0 = Debug|Win32
		{CAE06DBC-77DE-46D1-BAA6-F7CD53D8030B}.Release|x64.ActiveCfg = Release|x64
		{CAE06DBC-77DE-46D1-BAA6-F7CD53D8030B}.Release|x64.Build.0 = Release|x64
		{CAE06DBC-77DE-46D1-BAA6-F7CD53D8030B}.Release|x86.ActiveCfg = Release|Win32
		{CAE06DBC-77DE-46D1-BAA6-F7CD53D8030B}.Release|x86.Build.0 = Release|Win32
		{BA277951-4759-461D-994A-8ED59BEC53C0}.Debug|x64.ActiveCfg = Debug|x64
		{BA277951-4759-461D-994A-8ED59BEC53C0}.Debug|x64.Build.0 = Debug|x64
		{BA277951-4759-461D-994A-8ED59BEC53C0}.Debug|x86.ActiveCfg = Debug|Win32
		{BA277951-4759-461D-994A-8ED59BEC53C0}.Debug|x86.Build.0 = Debug|Win32
		{BA277951-4759-461D-994A-8ED59BEC53C0}.Release|x64.ActiveCfg = Release|x64
		{BA277951-4759-461D-994A-8ED59BEC53C0}.Release|x64.Build.0 = Release|x64
		{BA277951-4759-461D-994A-8ED59BEC53C0}.Release|x86.ActiveCfg = Release|Win32
		{BA277951-4759-461D-994A-8ED59BEC53C0}.Release|x86.Build.0 = Release|Win32
		{CF99E31A-7899-492D-ACBE-5BA7118DDBCA}.Debug|x64.ActiveCfg = Debug|x64
		{CF99E31A-7899-492D-ACBE-5BA7118DDBCA}.Debug|x64.Build.0 = Debug|x64
		{CF99E31A-7899-492D-ACBE-5BA7118DDBCA}.Debug|x86.ActiveCfg = Debug|Win32
		{CF99E31A-7899-492D-ACBE-5BA7118DDBCA}.Debug|x86.Build.0 = Debug|Win32
		{CF99E31A-7899-492D-ACBE-5BA7118DDBCA}.Release|x64.ActiveCfg = Release|x64
		{CF99E31A-7899-492D-ACBE-5BA7118DDBCA}.Release|x64.Build.0 = Release|x64
		{CF99E31A-7899-492D-ACBE-5BA7118DDBCA}.Release|x86.ActiveCfg = Release|Win32
		{CF99E31A-7899-492D-ACBE-5BA7118DDBCA}.Release|x86.Build.0 = Release|Win32
		{79E610B3-3F28-440A-8D45-6D793A5415B2}.Debug|x64.ActiveCfg = Debug|x64
		{79E610B3-3F28-440A-8D45-6D793A5415B2}.Debug|x64.Build.0 = Debug|x64
		{79E610B3-3F28-440A-8D45-6D793A5415B2}.Debug|x86.ActiveCfg = Debug|Win32
		{79E610B3-3F28-440A-8D45-6D793A5415B2}.Debug|x86.Build.0 = Debug|Win32
		{79E610B3-3F28-440A-8D45-6D793A5415B2}.Release|x64.ActiveCfg = Release|x64
		{79E610B3-3F28-440A-8D45-6D793A5415B2}.Release|x64.Build.0 = Release|x64
		{79E610B3-3F28-440A-8D45-6D793A5415B2}.Release|x86.ActiveCfg = Release|Win32
		{79E610B3-3F28-440A-8D45-6D793A5415B2}.Release|x86.Build.0 = Release|Win32
		{47886C3C-21C2-4C59-A9B2-83C94317BDCD}.Debug|x64.ActiveCfg = Debug|x64
		{47886C3C-21C2-4C59-A9B2-83C94317BDCD}.Debug|x64.Build.0 = Debug|x64
		{47886C3C-21C2-4C59-A9B2-83C94317BDCD}.Debug|x86.ActiveCfg = Debug|Win32
		{47886C3C-21C2-4C59-A9B2-83C94317BDCD}.Debug|x86.Build.0 = Debug|Win32
		{47886C3C-21C2-4C59-A9B2-83C94317BDCD}.Release|x64.ActiveCfg = Release|x64
		{47886C3C-21C2-4C59-A9B2-83C94317BDCD}.Release|x64.Build.0 = Release|x64
		{47886C3C-21C2-4C59-A9B2-83C94317BDCD}.Release|x86.ActiveCfg = Release|Win32
		{47886C3C-21C2-4C59-A9B2-83C94317BDCD}.Release|x86.Build.0 = Release|Win32
		{FB0D1849-67D7-4E7C-B210-CB0AD79DA330}.Debug|x64.ActiveCfg = Debug|x64
		{FB0D1849-67D7-4E7C-B210-CB0AD79DA330}.Debug|x64.Build.0 = Debug|x64
		{FB0D1849-67D7-4E7C-B210-CB0AD79DA330}.Debug|x86.ActiveCfg = Debug|Win32
		{FB0D1849-67D7-4E7C-B210-CB0AD79DA330}.Debug|x86.Build.0 = Debug|Win32
		{FB0D1849-67D7-4E7C-B210-CB0AD79DA330}.Release|x64.ActiveCfg = Release|x64
		{FB0D1849-67D7-4E7C-B210-CB0AD79DA330}.Release|x64.Build.0 = Release|x64
		{FB0D1849-67D7-4E7C-B210-CB0AD79DA330}.Release|x86.ActiveCfg = Release|Win32
		{FB0D1849-67D7-4E7C-B210-CB0AD79DA330}.Release|x86.Build.0 = Release|Win32
		{C91CFB4F-297A-4314-8F77-A64D0DB1EBFC}.Debug|x64.ActiveCfg = Debug|x64
		{C91CFB4F-297A-4314-8F77-A64D0DB1EBFC}.Debug|x64.Build.0 = Debug|x64
		{C91CFB4F-297A-4314-8F77-A64D0DB1EBFC}.Debug|x86.ActiveCfg = Debug|Win32
		{C91CFB4F-297A-4314-8F77-A64D0DB1EBFC}.Debug|x86.Build.0 = Debug|Win32
		{C91CFB4F-297A-4314-8F77-A64D0DB1EBFC}.Release|x64.ActiveCfg = Release|x64
		{C91CFB4F-297A-4314-8F77-A64D0DB1EBFC}.Release|x64.Build.0 = Release|x64
		{C91CFB4F-297A-4314-8F77-A64D0DB1EBFC}.Release|x86.ActiveCfg = Release|Win32
		{C91CFB4F-297A-4314-8F77-A64D0DB1EBFC}.Release|x86.Build.0 = Release|Win32
		{8B162362-54A8-4D9D-95BA-0145ADA7C987}.Debug|x64.ActiveCfg = Debug|x64
		{8B162362-54A8-4D9D-95BA-0145ADA7C987}.Debug|x64.Build.0 = Debug|x64
		{8B162362-54A8-4D9D-95BA-0145ADA7C987}.Debug|x86.ActiveCfg = Debug|Win32
		{8B162362-54A8-4D9D-95BA-0145ADA7C987}.Debug|x86.Build.0 = Debug|Win32
		{8B162362-54A8-4D9D-95BA-0145ADA7C987}.Release|x64.ActiveCfg = Release|x64
		{8B162362-54A8-4D9D-95BA-0145ADA7C987}.Release|x64.Build.0 = Release|x64
		{8B162362-54A8-4D9D-95BA-0145ADA7C987}.Release|x86.ActiveCfg = Release|Win32
		{8B162362-54A8-4D9D-95BA-0145ADA7C987}.Release|x86.Build.0 = Release|Win32
		{48E91F65-4DF0-4776-B304-E41ACA8571C4}.Debug|x64.ActiveCfg = Debug|x64
		{48E91F65-4DF0-4776-B304-E41ACA8571C4}.Debug|x64.Build.0 = Debug|x64
		{48E91F65-4DF0-4776-B304-E41ACA8571C4}.Debug|x86.ActiveCfg = Debug|Win32
		{48E91F65-4DF0-4776-B304-E41ACA8571C4}.Debug|x86.Build.0 = Debug|Win32
		{48E91F65-4DF0-4776-B304-E41ACA8571C4}.Release|x64.ActiveCfg = Release|x64
		{48E91F65-4DF0-4776-B304-E41ACA8571C4}.Release|x64.Build.0 = Release|x64
		{48E91F65-4DF0-4776-B304-E41ACA8571C4}.Release|x86.ActiveCfg = Release|Win32
		{48E91F65-4DF0-4776-B304-E41ACA8571C4}.Release|x86.Build.0 = Release|Win32
		{1CA262A3-DFD3-4497-8F2A-34C9B4E2C01E}.Debug|x64.ActiveCfg = Debug|x64
		{1CA262A3-DFD3-4497-8F2A-34C9B4E2C01E}.Debug|x64.Build.0 = Debug|x64
		{1CA262A3-DFD3-4497-8F2A-34C9B4E2C01E}.Debug|x86.ActiveCfg = Debug|Win32
		{1CA262A3-DFD3-4497-8F2A-34C9B4E2C01E}.Debug|x86.Build.0 = Debug|Win32
		{1CA262A3-DFD3-4497-8F2A-34C9B4E2C01E}.Release|x64.ActiveCfg = Release|x64
		{1CA262A3-DFD3-4497-8F2A-34C9B4E2C01E}.Release|x64.Build.0 = Release|x64
		{1CA262A3-DFD3-4497-8F2A-34C9B4E2C01E}.Release|x86.ActiveCfg = Release|Win32
		{1CA262A3-DFD3-4497-8F2A-34C9B4E2C01E}.Release|x86.Build.0 = Release|Win32
		{A98D6A83-1649-41B1-87D3-81A0B69B78AB}.Debug|x64.ActiveCfg = Debug|x64
		{A98D6A83-1649-41B1-87D3-81A0B69B78AB}.Debug|x64.Build.0 = Debug|x64
		{A98D6A83-1649-41B1-87D3-81A0B69B78AB}.Debug|x86.ActiveCfg = Debug|Win32
		{A98D6A83-1649-41B1-87D3-81A0B69B78AB}.Debug|x86.Build.0 = Debug|Win32
		{A98D6A83-1649-41B1-87D3-81A0B69B78AB}.Release|x64.ActiveCfg = Release|x64
		{A98D6A83-1649-41B1-87D3-81A0B69B78AB}.Release|x64.Build.0 = Release|x64
		{A98D6A83-1649-41B1-87D3-81A0B69B78AB}.Release|x86.ActiveCfg = Release|Win32
		{A98D6A83-1649-41B1-87D3-81A0B69B78AB}.Release|x86.Build.0 = Release|Win32
		{E3121AB1-45C4-4D35-9429-20E6AB023097}.Debug|x64.ActiveCfg = Debug|x64
		{E3121AB1-45C4-4D35-9429-20E6AB023097}.Debug|x64.Build.0 = Debug|x64
		{E3121AB1-45C4-4D35-9429-20E6AB023097}.Debug|x86.ActiveCfg = Debug|Win32
		{E3121AB1-45C4-4D35-9429-20E6AB023097}.Debug|x86.Build.0 = Debug|Win32
		{E3121AB1-45C4-4D35-9429-20E6AB023097}.Release|x64.ActiveCfg = Release|x64
		{E3121AB1-45C4-4D35-9429-20E6AB023097}.Release|x64.Build.0 = Release|x64
		{E3121AB1-45C4-4D35-9429-20E6AB023097}.Release|x86.ActiveCfg = Release|Win32
		{E3121AB1-45C4-4D35-9429-20E6AB023097}.Release|x86.Build.0 = Release|Win32
		{49DB528B-8088-4AF4-A1CC-E32DA256460B}.Debug|x64.ActiveCfg = Debug|x64
		{49DB528B-8088-4AF4-A1CC-E32DA256460B}.Debug|x64.Build.0 = Debug|x64
		{49DB528B-8088-4AF4-A1CC-E32DA256460B}.Debug|x86.ActiveCfg = Debug|Win32
		{49DB528B-8088-4AF4-A1CC-E32DA256460B}.Debug|x86.Build.0 = Debug|Win32
		{49DB528B-8088-4AF4-A1CC-E32DA256460B}.Release|x64.ActiveCfg = Release|x64
		{49DB528B-8088-4AF4-A1CC-E32DA256460B}.Release|x64.Build.0 = Release|x64
		{49DB528B-8088-4AF4-A1CC-E32DA256460B}.Release|x86.ActiveCfg = Release|Win32
		{49DB528B-8088-4AF4-A1CC-E32DA256460B}.Release|x86.Build.0 = Release|Win32
		{A59BF467-1950-4DE9-ADF0-347A3094EBBF}.Debug|x64.ActiveCfg = Debug|x64
		{A59BF467-1950-4DE9-ADF0-347A3094EBBF}.Debug|x64.Build.0 = Debug|x64
		{A59BF467-1950-4DE9-ADF0-347A3094EBBF}.Debug|x86.ActiveCfg = Debug|Win32
		{A59BF467-1950-4DE9-ADF0-347A3094EBBF}.Debug|x86.Build.0 = Debug|Win32
		{A59BF467-1950-4DE9-ADF0-347A3094EBBF}.Release|x64.ActiveCfg = Release|x64
		{A59BF467-1950-4DE9-ADF0-347A3094EBBF}.Release|x64.Build.0 = Release|x64
		{A59BF467-1950-4DE9-ADF0-347A3094EBBF}.Release|x86.ActiveCfg = Release|Win32
		{A59BF467-1950-4DE9-ADF0-347A3094EBBF}.Release|x86.Build.0 = Release|Win32
	EndGlobalSection
	GlobalSection(SolutionProperties) = preSolution
		HideSolutionNode = FALSE
	EndGlobalSection
	GlobalSection(NestedProjects) = preSolution
		{BA277951-4759-461D-994A-8ED59BEC53C0} = {D84AA78D-758A-4681-9DA4-8941F7504731}
		{CF99E31A-7899-492D-ACBE-5BA7118DDBCA} = {D84AA78D-758A-4681-9DA4-8941F7504731}
		{79E610B3-3F28-440A-8D45-6D793A5415B2} = {D84AA78D-758A-4681-9DA4-8941F7504731}
		{47886C3C-21C2-4C59-A9B2-83C94317BDCD} = {D84AA78D-758A-4681-9DA4-8941F7504731}
		{FB0D1849-67D7-4E7C-B210-CB0AD79DA330} = {18081CB4-C4B6-45CF-B251-A881A53B77D5}
		{C91CFB4F-297A-4314-8F77-A64D0DB1EBFC} = {18081CB4-C4B6-45CF-B251-A881A53B77D5}
		{8B162362-54A8-4D9D-95BA-0145ADA7C987} = {18081CB4-C4B6-45CF-B251-A881A53B77D5}
		{48E91F65-4DF0-4776-B304-E41ACA8571C4} = {18081CB4-C4B6-45CF-B251-A881A53B77D5}
		{1CA262A3-DFD3-4497-8F2A-34C9B4E2C01E} = {18081CB4-C4B6-45CF-B251-A881A53B77D5}
		{A98D6A83-1649-41B1-87D3-81A0B69B78AB} = {0E2A459C-D21E-49FE-A5D5-307ADD63ED22}
		{E3121AB1-45C4-4D35-9429-20E6AB023097} = {0E2A459C-D21E-49FE-A5D5-307ADD63ED22}
		{49DB528B-8088-4AF4-A1CC-E32DA256460B} = {0E2A459C-D21E-49FE-A5D5-307ADD63ED22}
		{A59BF467-1950-4DE9-ADF0-347A3094EBBF} = {0E2A459C-D21E-49FE-A5D5-307ADD63ED22}
	EndGlobalSection
	GlobalSection(ExtensibilityGlobals) = postSolution
		SolutionGuid = {58478922-FBEA-4B67-BD2F-52C49485BB6E}
	EndGlobalSection
EndGlobal
